// !$*UTF8*$!
{
	archiveVersion = 1;
	classes = {
	};
	objectVersion = 46;
	objects = {

/* Begin PBXBuildFile section */
		130C4F041E9BA8970020172C /* WFHeaderNewsDetailsDateLabel.m in Sources */ = {isa = PBXBuildFile; fileRef = 130C4F031E9BA8970020172C /* WFHeaderNewsDetailsDateLabel.m */; };
		130C4F071E9BA8F50020172C /* WFBaseLabel.m in Sources */ = {isa = PBXBuildFile; fileRef = 130C4F061E9BA8F50020172C /* WFBaseLabel.m */; };
		130C4F0B1E9BAFFA0020172C /* WFNewsDetailTextView.m in Sources */ = {isa = PBXBuildFile; fileRef = 130C4F0A1E9BAFFA0020172C /* WFNewsDetailTextView.m */; };
		130E4B631E812202001C33DE /* WFDatesConverter.m in Sources */ = {isa = PBXBuildFile; fileRef = 130E4B621E812202001C33DE /* WFDatesConverter.m */; };
		1316453B1EA93B0B00C1EDF0 /* JeudiRPM.json in Resources */ = {isa = PBXBuildFile; fileRef = 131645351EA93B0B00C1EDF0 /* JeudiRPM.json */; };
		1316453C1EA93B0B00C1EDF0 /* LundiRPM.json in Resources */ = {isa = PBXBuildFile; fileRef = 131645361EA93B0B00C1EDF0 /* LundiRPM.json */; };
		1316453D1EA93B0B00C1EDF0 /* MardiRPM.json in Resources */ = {isa = PBXBuildFile; fileRef = 131645371EA93B0B00C1EDF0 /* MardiRPM.json */; };
		1316453E1EA93B0B00C1EDF0 /* MercrediRPM.json in Resources */ = {isa = PBXBuildFile; fileRef = 131645381EA93B0B00C1EDF0 /* MercrediRPM.json */; };
		1316453F1EA93B0B00C1EDF0 /* SamediRPM.json in Resources */ = {isa = PBXBuildFile; fileRef = 131645391EA93B0B00C1EDF0 /* SamediRPM.json */; };
		131645401EA93B0B00C1EDF0 /* VendrediRPM.json in Resources */ = {isa = PBXBuildFile; fileRef = 1316453A1EA93B0B00C1EDF0 /* VendrediRPM.json */; };
		13168F931EA765D90070219A /* WFDaySessionModel+Additions.m in Sources */ = {isa = PBXBuildFile; fileRef = 13168F921EA765D90070219A /* WFDaySessionModel+Additions.m */; };
		132BAB821E89554300471DBB /* WFFacebookFeedModel+Additions.m in Sources */ = {isa = PBXBuildFile; fileRef = 132BAB811E89554300471DBB /* WFFacebookFeedModel+Additions.m */; };
		134025851EAA2F2C0068670B /* WFFullSessionsModel.m in Sources */ = {isa = PBXBuildFile; fileRef = 134025841EAA2F2C0068670B /* WFFullSessionsModel.m */; };
		1348EC591E66150100FA3843 /* WFFacebookFeedModel.m in Sources */ = {isa = PBXBuildFile; fileRef = 1348EC581E66150100FA3843 /* WFFacebookFeedModel.m */; };
		136342CC1E85308900BBBCC6 /* WFHeaderCellLabel.m in Sources */ = {isa = PBXBuildFile; fileRef = 136342CB1E85308900BBBCC6 /* WFHeaderCellLabel.m */; };
		136B81FE1EA8DA6B00804ACE /* WFService.m in Sources */ = {isa = PBXBuildFile; fileRef = 136B81FD1EA8DA6B00804ACE /* WFService.m */; };
		1374CBBE1EB0A6160004C36B /* WFBaseModel.m in Sources */ = {isa = PBXBuildFile; fileRef = 1374CBBD1EB0A6160004C36B /* WFBaseModel.m */; };
		137EC92B1EA0F96F00C79A68 /* WFSessionModel.m in Sources */ = {isa = PBXBuildFile; fileRef = 137EC92A1EA0F96F00C79A68 /* WFSessionModel.m */; };
		137EC92F1EA0F9C800C79A68 /* WFSportModel.m in Sources */ = {isa = PBXBuildFile; fileRef = 137EC92E1EA0F9C800C79A68 /* WFSportModel.m */; };
		137EC9321EA0F9EE00C79A68 /* WFSportDescriptionModel.m in Sources */ = {isa = PBXBuildFile; fileRef = 137EC9311EA0F9EE00C79A68 /* WFSportDescriptionModel.m */; };
		137EC9351EA0FA1000C79A68 /* WFObjectiveModel.m in Sources */ = {isa = PBXBuildFile; fileRef = 137EC9341EA0FA1000C79A68 /* WFObjectiveModel.m */; };
		137EC9381EA0FBC700C79A68 /* Samedi.json in Resources */ = {isa = PBXBuildFile; fileRef = 137EC9371EA0FBC700C79A68 /* Samedi.json */; };
		137EC93A1EA0FBCF00C79A68 /* Vendredi.json in Resources */ = {isa = PBXBuildFile; fileRef = 137EC9391EA0FBCF00C79A68 /* Vendredi.json */; };
		137EC93C1EA0FBDB00C79A68 /* Jeudi.json in Resources */ = {isa = PBXBuildFile; fileRef = 137EC93B1EA0FBDB00C79A68 /* Jeudi.json */; };
		137EC93F1EA0FBE800C79A68 /* Mardi.json in Resources */ = {isa = PBXBuildFile; fileRef = 137EC93D1EA0FBE800C79A68 /* Mardi.json */; };
		137EC9401EA0FBE800C79A68 /* Mercredi.json in Resources */ = {isa = PBXBuildFile; fileRef = 137EC93E1EA0FBE800C79A68 /* Mercredi.json */; };
		137EC9421EA0FBF400C79A68 /* Lundi.json in Resources */ = {isa = PBXBuildFile; fileRef = 137EC9411EA0FBF400C79A68 /* Lundi.json */; };
		137EC9451EA0FC7100C79A68 /* WFSessionsWeekViewModel.m in Sources */ = {isa = PBXBuildFile; fileRef = 137EC9441EA0FC7100C79A68 /* WFSessionsWeekViewModel.m */; };
		137EC9491EA0FCD900C79A68 /* WFWeekSessionsListViewController.m in Sources */ = {isa = PBXBuildFile; fileRef = 137EC9481EA0FCD900C79A68 /* WFWeekSessionsListViewController.m */; };
		137EC94D1EA0FE0900C79A68 /* WFSessionsServices.m in Sources */ = {isa = PBXBuildFile; fileRef = 137EC94C1EA0FE0900C79A68 /* WFSessionsServices.m */; };
		137EC9501EA100B500C79A68 /* WFJSONReader.m in Sources */ = {isa = PBXBuildFile; fileRef = 137EC94F1EA100B500C79A68 /* WFJSONReader.m */; };
		137EC9531EA112E400C79A68 /* WFDaySessionModel.m in Sources */ = {isa = PBXBuildFile; fileRef = 137EC9521EA112E400C79A68 /* WFDaySessionModel.m */; };
		138A1CF71E856CC10010D83D /* WFBaseViewController.m in Sources */ = {isa = PBXBuildFile; fileRef = 138A1CF61E856CC10010D83D /* WFBaseViewController.m */; };
		138A1CFB1E856D7E0010D83D /* WFNewsTextView.m in Sources */ = {isa = PBXBuildFile; fileRef = 138A1CFA1E856D7E0010D83D /* WFNewsTextView.m */; };
		138BFF291EA7996D00970B1D /* WFDaySessionsListViewController.m in Sources */ = {isa = PBXBuildFile; fileRef = 138BFF281EA7996D00970B1D /* WFDaySessionsListViewController.m */; };
		138BFF2D1EA7A42700970B1D /* WFBaseViewModel.m in Sources */ = {isa = PBXBuildFile; fileRef = 138BFF2C1EA7A42700970B1D /* WFBaseViewModel.m */; };
		138BFF301EA7AB9200970B1D /* WFSessionsDayViewModel.m in Sources */ = {isa = PBXBuildFile; fileRef = 138BFF2F1EA7AB9200970B1D /* WFSessionsDayViewModel.m */; };
		138BFF341EA7AC0900970B1D /* WFSportsServices.m in Sources */ = {isa = PBXBuildFile; fileRef = 138BFF331EA7AC0900970B1D /* WFSportsServices.m */; };
		138BFF3C1EA7B55500970B1D /* sportsDescriptionsFeed.json in Resources */ = {isa = PBXBuildFile; fileRef = 138BFF3A1EA7B55500970B1D /* sportsDescriptionsFeed.json */; };
		138BFF3D1EA7B55500970B1D /* sportsFeed.json in Resources */ = {isa = PBXBuildFile; fileRef = 138BFF3B1EA7B55500970B1D /* sportsFeed.json */; };
		138BFF3F1EA7B55E00970B1D /* objectivesFeed.json in Resources */ = {isa = PBXBuildFile; fileRef = 138BFF3E1EA7B55E00970B1D /* objectivesFeed.json */; };
		138D6B481EAF8AD3005DA14B /* WFSportCollectionViewCell.m in Sources */ = {isa = PBXBuildFile; fileRef = 138D6B471EAF8AD3005DA14B /* WFSportCollectionViewCell.m */; };
		13943EDF1EA3A27800C671E8 /* WFWeekSessionsTableViewCell.m in Sources */ = {isa = PBXBuildFile; fileRef = 13943EDE1EA3A27800C671E8 /* WFWeekSessionsTableViewCell.m */; };
		13A3D4241E68A39E00B38EEF /* WFNewsListViewController.m in Sources */ = {isa = PBXBuildFile; fileRef = 13A3D4231E68A39E00B38EEF /* WFNewsListViewController.m */; };
		13A3D4271E697F5000B38EEF /* WFBaseListViewController.m in Sources */ = {isa = PBXBuildFile; fileRef = 13A3D4261E697F5000B38EEF /* WFBaseListViewController.m */; };
		13B005AE1E855A2900C1D90B /* Localizable.strings in Resources */ = {isa = PBXBuildFile; fileRef = 13B005B01E855A2900C1D90B /* Localizable.strings */; };
		13B005B51E855F0400C1D90B /* WFNewsDetailsViewController.m in Sources */ = {isa = PBXBuildFile; fileRef = 13B005B41E855F0400C1D90B /* WFNewsDetailsViewController.m */; };
		13B416ED1E9FAC9E006D5F09 /* WFErrorsServices.m in Sources */ = {isa = PBXBuildFile; fileRef = 13B416EC1E9FAC9E006D5F09 /* WFErrorsServices.m */; };
		13B926071E64C430003E7DD0 /* WFFacebookServices.m in Sources */ = {isa = PBXBuildFile; fileRef = 13B926061E64C430003E7DD0 /* WFFacebookServices.m */; };
		13BC85321E8E45DA00CF254C /* WFHeaderNewsDetailsTitleLabel.m in Sources */ = {isa = PBXBuildFile; fileRef = 13BC85311E8E45DA00CF254C /* WFHeaderNewsDetailsTitleLabel.m */; };
		13BC85381E8E4E3F00CF254C /* UIColor+Additions.m in Sources */ = {isa = PBXBuildFile; fileRef = 13BC85371E8E4E3F00CF254C /* UIColor+Additions.m */; };
		13BC85401E8E596600CF254C /* WFFooterButtonNewsDetails.m in Sources */ = {isa = PBXBuildFile; fileRef = 13BC853F1E8E596600CF254C /* WFFooterButtonNewsDetails.m */; };
		13D07A451EAF5398004DF700 /* WFSportsListViewController.m in Sources */ = {isa = PBXBuildFile; fileRef = 13D07A441EAF5398004DF700 /* WFSportsListViewController.m */; };
		13D07A491EAF5498004DF700 /* WFSportsViewModel.m in Sources */ = {isa = PBXBuildFile; fileRef = 13D07A481EAF5498004DF700 /* WFSportsViewModel.m */; };
		13D07A4C1EAF54AD004DF700 /* WFSportDetailsViewModel.m in Sources */ = {isa = PBXBuildFile; fileRef = 13D07A4B1EAF54AD004DF700 /* WFSportDetailsViewModel.m */; };
		13DAA9C11E65AA3900C8F343 /* WFFacebookConstants.m in Sources */ = {isa = PBXBuildFile; fileRef = 13DAA9C01E65AA3900C8F343 /* WFFacebookConstants.m */; };
		13DAA9C41E672D3400C8F343 /* WFFacebookNewsViewModel.m in Sources */ = {isa = PBXBuildFile; fileRef = 13DAA9C31E672D3400C8F343 /* WFFacebookNewsViewModel.m */; };
		13DDB0421E8D3DD800BDE55B /* NSString+Additions.m in Sources */ = {isa = PBXBuildFile; fileRef = 13DDB0411E8D3DD800BDE55B /* NSString+Additions.m */; };
		13E328221E64AB9D00F1A4EC /* main.m in Sources */ = {isa = PBXBuildFile; fileRef = 13E328211E64AB9D00F1A4EC /* main.m */; };
		13E328251E64AB9D00F1A4EC /* WFAppDelegate.m in Sources */ = {isa = PBXBuildFile; fileRef = 13E328241E64AB9D00F1A4EC /* WFAppDelegate.m */; };
		13E3282D1E64AB9D00F1A4EC /* Assets.xcassets in Resources */ = {isa = PBXBuildFile; fileRef = 13E3282C1E64AB9D00F1A4EC /* Assets.xcassets */; };
		13E328301E64AB9D00F1A4EC /* LaunchScreen.storyboard in Resources */ = {isa = PBXBuildFile; fileRef = 13E3282E1E64AB9D00F1A4EC /* LaunchScreen.storyboard */; };
		13EC255B1E6ABB9A003FC5D4 /* WFNewsTableViewCell.m in Sources */ = {isa = PBXBuildFile; fileRef = 13EC25591E6ABB9A003FC5D4 /* WFNewsTableViewCell.m */; };
		13EE1EC81EAF6EE700803B1A /* WFSportsProvider.m in Sources */ = {isa = PBXBuildFile; fileRef = 13EE1EC71EAF6EE700803B1A /* WFSportsProvider.m */; };
		13EE1ED11EAF77C200803B1A /* WFInformationsListViewController.m in Sources */ = {isa = PBXBuildFile; fileRef = 13EE1ED01EAF77C200803B1A /* WFInformationsListViewController.m */; };
		13EE1ED41EAF781E00803B1A /* WFInformationsViewModel.m in Sources */ = {isa = PBXBuildFile; fileRef = 13EE1ED31EAF781E00803B1A /* WFInformationsViewModel.m */; };
		13EE1ED71EAF785700803B1A /* WFInformationsServices.m in Sources */ = {isa = PBXBuildFile; fileRef = 13EE1ED61EAF785700803B1A /* WFInformationsServices.m */; };
		13EE1EDA1EAF7D1200803B1A /* WFBaseCollectionViewController.m in Sources */ = {isa = PBXBuildFile; fileRef = 13EE1ED91EAF7D1200803B1A /* WFBaseCollectionViewController.m */; };
		13F3F2E61E6EEF9F007ABCD2 /* WFDownloadImageService.m in Sources */ = {isa = PBXBuildFile; fileRef = 13F3F2E51E6EEF9F007ABCD2 /* WFDownloadImageService.m */; };
		13FDABAB1EA78DCC001CF0E5 /* WFSessionsConstants.m in Sources */ = {isa = PBXBuildFile; fileRef = 13FDABAA1EA78DCC001CF0E5 /* WFSessionsConstants.m */; };
		13FDABAE1EA793E1001CF0E5 /* WFDaySessionsTableViewCell.m in Sources */ = {isa = PBXBuildFile; fileRef = 13FDABAD1EA793E1001CF0E5 /* WFDaySessionsTableViewCell.m */; };
		13FDABB21EA79511001CF0E5 /* WFTableViewCell.m in Sources */ = {isa = PBXBuildFile; fileRef = 13FDABB11EA79511001CF0E5 /* WFTableViewCell.m */; };
		D0D54CFB9229702CA6FF98FF /* libPods-Win Fitness.a in Frameworks */ = {isa = PBXBuildFile; fileRef = 0EF74C24827EAF855223A2C0 /* libPods-Win Fitness.a */; };
/* End PBXBuildFile section */

/* Begin PBXFileReference section */
		0EF74C24827EAF855223A2C0 /* libPods-Win Fitness.a */ = {isa = PBXFileReference; explicitFileType = archive.ar; includeInIndex = 0; path = "libPods-Win Fitness.a"; sourceTree = BUILT_PRODUCTS_DIR; };
		130C4F021E9BA8970020172C /* WFHeaderNewsDetailsDateLabel.h */ = {isa = PBXFileReference; fileEncoding = 4; lastKnownFileType = sourcecode.c.h; path = WFHeaderNewsDetailsDateLabel.h; sourceTree = "<group>"; };
		130C4F031E9BA8970020172C /* WFHeaderNewsDetailsDateLabel.m */ = {isa = PBXFileReference; fileEncoding = 4; lastKnownFileType = sourcecode.c.objc; path = WFHeaderNewsDetailsDateLabel.m; sourceTree = "<group>"; };
		130C4F051E9BA8F50020172C /* WFBaseLabel.h */ = {isa = PBXFileReference; fileEncoding = 4; lastKnownFileType = sourcecode.c.h; path = WFBaseLabel.h; sourceTree = "<group>"; };
		130C4F061E9BA8F50020172C /* WFBaseLabel.m */ = {isa = PBXFileReference; fileEncoding = 4; lastKnownFileType = sourcecode.c.objc; path = WFBaseLabel.m; sourceTree = "<group>"; };
		130C4F091E9BAFFA0020172C /* WFNewsDetailTextView.h */ = {isa = PBXFileReference; fileEncoding = 4; lastKnownFileType = sourcecode.c.h; path = WFNewsDetailTextView.h; sourceTree = "<group>"; };
		130C4F0A1E9BAFFA0020172C /* WFNewsDetailTextView.m */ = {isa = PBXFileReference; fileEncoding = 4; lastKnownFileType = sourcecode.c.objc; path = WFNewsDetailTextView.m; sourceTree = "<group>"; };
		130E4B611E812202001C33DE /* WFDatesConverter.h */ = {isa = PBXFileReference; fileEncoding = 4; lastKnownFileType = sourcecode.c.h; path = WFDatesConverter.h; sourceTree = "<group>"; };
		130E4B621E812202001C33DE /* WFDatesConverter.m */ = {isa = PBXFileReference; fileEncoding = 4; lastKnownFileType = sourcecode.c.objc; path = WFDatesConverter.m; sourceTree = "<group>"; };
		131645351EA93B0B00C1EDF0 /* JeudiRPM.json */ = {isa = PBXFileReference; fileEncoding = 4; lastKnownFileType = text.json; path = JeudiRPM.json; sourceTree = "<group>"; };
		131645361EA93B0B00C1EDF0 /* LundiRPM.json */ = {isa = PBXFileReference; fileEncoding = 4; lastKnownFileType = text.json; path = LundiRPM.json; sourceTree = "<group>"; };
		131645371EA93B0B00C1EDF0 /* MardiRPM.json */ = {isa = PBXFileReference; fileEncoding = 4; lastKnownFileType = text.json; path = MardiRPM.json; sourceTree = "<group>"; };
		131645381EA93B0B00C1EDF0 /* MercrediRPM.json */ = {isa = PBXFileReference; fileEncoding = 4; lastKnownFileType = text.json; path = MercrediRPM.json; sourceTree = "<group>"; };
		131645391EA93B0B00C1EDF0 /* SamediRPM.json */ = {isa = PBXFileReference; fileEncoding = 4; lastKnownFileType = text.json; path = SamediRPM.json; sourceTree = "<group>"; };
		1316453A1EA93B0B00C1EDF0 /* VendrediRPM.json */ = {isa = PBXFileReference; fileEncoding = 4; lastKnownFileType = text.json; path = VendrediRPM.json; sourceTree = "<group>"; };
		13168F911EA765D90070219A /* WFDaySessionModel+Additions.h */ = {isa = PBXFileReference; fileEncoding = 4; lastKnownFileType = sourcecode.c.h; path = "WFDaySessionModel+Additions.h"; sourceTree = "<group>"; };
		13168F921EA765D90070219A /* WFDaySessionModel+Additions.m */ = {isa = PBXFileReference; fileEncoding = 4; lastKnownFileType = sourcecode.c.objc; path = "WFDaySessionModel+Additions.m"; sourceTree = "<group>"; };
		132BAB801E89554300471DBB /* WFFacebookFeedModel+Additions.h */ = {isa = PBXFileReference; fileEncoding = 4; lastKnownFileType = sourcecode.c.h; path = "WFFacebookFeedModel+Additions.h"; sourceTree = "<group>"; };
		132BAB811E89554300471DBB /* WFFacebookFeedModel+Additions.m */ = {isa = PBXFileReference; fileEncoding = 4; lastKnownFileType = sourcecode.c.objc; path = "WFFacebookFeedModel+Additions.m"; sourceTree = "<group>"; };
		134025831EAA2F2C0068670B /* WFFullSessionsModel.h */ = {isa = PBXFileReference; fileEncoding = 4; lastKnownFileType = sourcecode.c.h; path = WFFullSessionsModel.h; sourceTree = "<group>"; };
		134025841EAA2F2C0068670B /* WFFullSessionsModel.m */ = {isa = PBXFileReference; fileEncoding = 4; lastKnownFileType = sourcecode.c.objc; path = WFFullSessionsModel.m; sourceTree = "<group>"; };
		1348EC571E66150100FA3843 /* WFFacebookFeedModel.h */ = {isa = PBXFileReference; fileEncoding = 4; lastKnownFileType = sourcecode.c.h; path = WFFacebookFeedModel.h; sourceTree = "<group>"; };
		1348EC581E66150100FA3843 /* WFFacebookFeedModel.m */ = {isa = PBXFileReference; fileEncoding = 4; lastKnownFileType = sourcecode.c.objc; path = WFFacebookFeedModel.m; sourceTree = "<group>"; };
		135E07411EA0E18200F58C18 /* WFLocalizedString.h */ = {isa = PBXFileReference; fileEncoding = 4; lastKnownFileType = sourcecode.c.h; path = WFLocalizedString.h; sourceTree = "<group>"; };
		135E07441EA0E40700F58C18 /* WFPrefixHeader.pch */ = {isa = PBXFileReference; lastKnownFileType = sourcecode.c.h; path = WFPrefixHeader.pch; sourceTree = "<group>"; };
		136342CA1E85308900BBBCC6 /* WFHeaderCellLabel.h */ = {isa = PBXFileReference; fileEncoding = 4; lastKnownFileType = sourcecode.c.h; path = WFHeaderCellLabel.h; sourceTree = "<group>"; };
		136342CB1E85308900BBBCC6 /* WFHeaderCellLabel.m */ = {isa = PBXFileReference; fileEncoding = 4; lastKnownFileType = sourcecode.c.objc; path = WFHeaderCellLabel.m; sourceTree = "<group>"; };
		136B81FC1EA8DA6B00804ACE /* WFService.h */ = {isa = PBXFileReference; fileEncoding = 4; lastKnownFileType = sourcecode.c.h; path = WFService.h; sourceTree = "<group>"; };
		136B81FD1EA8DA6B00804ACE /* WFService.m */ = {isa = PBXFileReference; fileEncoding = 4; lastKnownFileType = sourcecode.c.objc; path = WFService.m; sourceTree = "<group>"; };
		1374CBBC1EB0A6160004C36B /* WFBaseModel.h */ = {isa = PBXFileReference; fileEncoding = 4; lastKnownFileType = sourcecode.c.h; path = WFBaseModel.h; sourceTree = "<group>"; };
		1374CBBD1EB0A6160004C36B /* WFBaseModel.m */ = {isa = PBXFileReference; fileEncoding = 4; lastKnownFileType = sourcecode.c.objc; path = WFBaseModel.m; sourceTree = "<group>"; };
		137EC9291EA0F96F00C79A68 /* WFSessionModel.h */ = {isa = PBXFileReference; fileEncoding = 4; lastKnownFileType = sourcecode.c.h; path = WFSessionModel.h; sourceTree = "<group>"; };
		137EC92A1EA0F96F00C79A68 /* WFSessionModel.m */ = {isa = PBXFileReference; fileEncoding = 4; lastKnownFileType = sourcecode.c.objc; path = WFSessionModel.m; sourceTree = "<group>"; };
		137EC92D1EA0F9C800C79A68 /* WFSportModel.h */ = {isa = PBXFileReference; fileEncoding = 4; lastKnownFileType = sourcecode.c.h; path = WFSportModel.h; sourceTree = "<group>"; };
		137EC92E1EA0F9C800C79A68 /* WFSportModel.m */ = {isa = PBXFileReference; fileEncoding = 4; lastKnownFileType = sourcecode.c.objc; path = WFSportModel.m; sourceTree = "<group>"; };
		137EC9301EA0F9EE00C79A68 /* WFSportDescriptionModel.h */ = {isa = PBXFileReference; fileEncoding = 4; lastKnownFileType = sourcecode.c.h; path = WFSportDescriptionModel.h; sourceTree = "<group>"; };
		137EC9311EA0F9EE00C79A68 /* WFSportDescriptionModel.m */ = {isa = PBXFileReference; fileEncoding = 4; lastKnownFileType = sourcecode.c.objc; path = WFSportDescriptionModel.m; sourceTree = "<group>"; };
		137EC9331EA0FA1000C79A68 /* WFObjectiveModel.h */ = {isa = PBXFileReference; fileEncoding = 4; lastKnownFileType = sourcecode.c.h; path = WFObjectiveModel.h; sourceTree = "<group>"; };
		137EC9341EA0FA1000C79A68 /* WFObjectiveModel.m */ = {isa = PBXFileReference; fileEncoding = 4; lastKnownFileType = sourcecode.c.objc; path = WFObjectiveModel.m; sourceTree = "<group>"; };
		137EC9371EA0FBC700C79A68 /* Samedi.json */ = {isa = PBXFileReference; fileEncoding = 4; lastKnownFileType = text.json; path = Samedi.json; sourceTree = "<group>"; };
		137EC9391EA0FBCF00C79A68 /* Vendredi.json */ = {isa = PBXFileReference; fileEncoding = 4; lastKnownFileType = text.json; path = Vendredi.json; sourceTree = "<group>"; };
		137EC93B1EA0FBDB00C79A68 /* Jeudi.json */ = {isa = PBXFileReference; fileEncoding = 4; lastKnownFileType = text.json; path = Jeudi.json; sourceTree = "<group>"; };
		137EC93D1EA0FBE800C79A68 /* Mardi.json */ = {isa = PBXFileReference; fileEncoding = 4; lastKnownFileType = text.json; path = Mardi.json; sourceTree = "<group>"; };
		137EC93E1EA0FBE800C79A68 /* Mercredi.json */ = {isa = PBXFileReference; fileEncoding = 4; lastKnownFileType = text.json; path = Mercredi.json; sourceTree = "<group>"; };
		137EC9411EA0FBF400C79A68 /* Lundi.json */ = {isa = PBXFileReference; fileEncoding = 4; lastKnownFileType = text.json; path = Lundi.json; sourceTree = "<group>"; };
		137EC9431EA0FC7100C79A68 /* WFSessionsWeekViewModel.h */ = {isa = PBXFileReference; fileEncoding = 4; lastKnownFileType = sourcecode.c.h; path = WFSessionsWeekViewModel.h; sourceTree = "<group>"; };
		137EC9441EA0FC7100C79A68 /* WFSessionsWeekViewModel.m */ = {isa = PBXFileReference; fileEncoding = 4; lastKnownFileType = sourcecode.c.objc; path = WFSessionsWeekViewModel.m; sourceTree = "<group>"; };
		137EC9471EA0FCD900C79A68 /* WFWeekSessionsListViewController.h */ = {isa = PBXFileReference; fileEncoding = 4; lastKnownFileType = sourcecode.c.h; path = WFWeekSessionsListViewController.h; sourceTree = "<group>"; };
		137EC9481EA0FCD900C79A68 /* WFWeekSessionsListViewController.m */ = {isa = PBXFileReference; fileEncoding = 4; lastKnownFileType = sourcecode.c.objc; path = WFWeekSessionsListViewController.m; sourceTree = "<group>"; };
		137EC94B1EA0FE0900C79A68 /* WFSessionsServices.h */ = {isa = PBXFileReference; fileEncoding = 4; lastKnownFileType = sourcecode.c.h; path = WFSessionsServices.h; sourceTree = "<group>"; };
		137EC94C1EA0FE0900C79A68 /* WFSessionsServices.m */ = {isa = PBXFileReference; fileEncoding = 4; lastKnownFileType = sourcecode.c.objc; path = WFSessionsServices.m; sourceTree = "<group>"; };
		137EC94E1EA100B500C79A68 /* WFJSONReader.h */ = {isa = PBXFileReference; fileEncoding = 4; lastKnownFileType = sourcecode.c.h; path = WFJSONReader.h; sourceTree = "<group>"; };
		137EC94F1EA100B500C79A68 /* WFJSONReader.m */ = {isa = PBXFileReference; fileEncoding = 4; lastKnownFileType = sourcecode.c.objc; path = WFJSONReader.m; sourceTree = "<group>"; };
		137EC9511EA112E400C79A68 /* WFDaySessionModel.h */ = {isa = PBXFileReference; fileEncoding = 4; lastKnownFileType = sourcecode.c.h; path = WFDaySessionModel.h; sourceTree = "<group>"; };
		137EC9521EA112E400C79A68 /* WFDaySessionModel.m */ = {isa = PBXFileReference; fileEncoding = 4; lastKnownFileType = sourcecode.c.objc; path = WFDaySessionModel.m; sourceTree = "<group>"; };
		138A1CF51E856CC10010D83D /* WFBaseViewController.h */ = {isa = PBXFileReference; fileEncoding = 4; lastKnownFileType = sourcecode.c.h; path = WFBaseViewController.h; sourceTree = "<group>"; };
		138A1CF61E856CC10010D83D /* WFBaseViewController.m */ = {isa = PBXFileReference; fileEncoding = 4; lastKnownFileType = sourcecode.c.objc; path = WFBaseViewController.m; sourceTree = "<group>"; };
		138A1CF91E856D7E0010D83D /* WFNewsTextView.h */ = {isa = PBXFileReference; fileEncoding = 4; lastKnownFileType = sourcecode.c.h; path = WFNewsTextView.h; sourceTree = "<group>"; };
		138A1CFA1E856D7E0010D83D /* WFNewsTextView.m */ = {isa = PBXFileReference; fileEncoding = 4; lastKnownFileType = sourcecode.c.objc; path = WFNewsTextView.m; sourceTree = "<group>"; };
		138BFF271EA7996D00970B1D /* WFDaySessionsListViewController.h */ = {isa = PBXFileReference; fileEncoding = 4; lastKnownFileType = sourcecode.c.h; path = WFDaySessionsListViewController.h; sourceTree = "<group>"; };
		138BFF281EA7996D00970B1D /* WFDaySessionsListViewController.m */ = {isa = PBXFileReference; fileEncoding = 4; lastKnownFileType = sourcecode.c.objc; path = WFDaySessionsListViewController.m; sourceTree = "<group>"; };
		138BFF2B1EA7A42700970B1D /* WFBaseViewModel.h */ = {isa = PBXFileReference; fileEncoding = 4; lastKnownFileType = sourcecode.c.h; path = WFBaseViewModel.h; sourceTree = "<group>"; };
		138BFF2C1EA7A42700970B1D /* WFBaseViewModel.m */ = {isa = PBXFileReference; fileEncoding = 4; lastKnownFileType = sourcecode.c.objc; path = WFBaseViewModel.m; sourceTree = "<group>"; };
		138BFF2E1EA7AB9200970B1D /* WFSessionsDayViewModel.h */ = {isa = PBXFileReference; fileEncoding = 4; lastKnownFileType = sourcecode.c.h; path = WFSessionsDayViewModel.h; sourceTree = "<group>"; };
		138BFF2F1EA7AB9200970B1D /* WFSessionsDayViewModel.m */ = {isa = PBXFileReference; fileEncoding = 4; lastKnownFileType = sourcecode.c.objc; path = WFSessionsDayViewModel.m; sourceTree = "<group>"; };
		138BFF321EA7AC0900970B1D /* WFSportsServices.h */ = {isa = PBXFileReference; fileEncoding = 4; lastKnownFileType = sourcecode.c.h; path = WFSportsServices.h; sourceTree = "<group>"; };
		138BFF331EA7AC0900970B1D /* WFSportsServices.m */ = {isa = PBXFileReference; fileEncoding = 4; lastKnownFileType = sourcecode.c.objc; path = WFSportsServices.m; sourceTree = "<group>"; };
		138BFF3A1EA7B55500970B1D /* sportsDescriptionsFeed.json */ = {isa = PBXFileReference; fileEncoding = 4; lastKnownFileType = text.json; path = sportsDescriptionsFeed.json; sourceTree = "<group>"; };
		138BFF3B1EA7B55500970B1D /* sportsFeed.json */ = {isa = PBXFileReference; fileEncoding = 4; lastKnownFileType = text.json; path = sportsFeed.json; sourceTree = "<group>"; };
		138BFF3E1EA7B55E00970B1D /* objectivesFeed.json */ = {isa = PBXFileReference; fileEncoding = 4; lastKnownFileType = text.json; path = objectivesFeed.json; sourceTree = "<group>"; };
		138D6B461EAF8AD3005DA14B /* WFSportCollectionViewCell.h */ = {isa = PBXFileReference; fileEncoding = 4; lastKnownFileType = sourcecode.c.h; path = WFSportCollectionViewCell.h; sourceTree = "<group>"; };
		138D6B471EAF8AD3005DA14B /* WFSportCollectionViewCell.m */ = {isa = PBXFileReference; fileEncoding = 4; lastKnownFileType = sourcecode.c.objc; path = WFSportCollectionViewCell.m; sourceTree = "<group>"; };
		13943EDD1EA3A27800C671E8 /* WFWeekSessionsTableViewCell.h */ = {isa = PBXFileReference; fileEncoding = 4; lastKnownFileType = sourcecode.c.h; path = WFWeekSessionsTableViewCell.h; sourceTree = "<group>"; };
		13943EDE1EA3A27800C671E8 /* WFWeekSessionsTableViewCell.m */ = {isa = PBXFileReference; fileEncoding = 4; lastKnownFileType = sourcecode.c.objc; path = WFWeekSessionsTableViewCell.m; sourceTree = "<group>"; };
		13A3D4221E68A39D00B38EEF /* WFNewsListViewController.h */ = {isa = PBXFileReference; fileEncoding = 4; lastKnownFileType = sourcecode.c.h; path = WFNewsListViewController.h; sourceTree = "<group>"; };
		13A3D4231E68A39E00B38EEF /* WFNewsListViewController.m */ = {isa = PBXFileReference; fileEncoding = 4; lastKnownFileType = sourcecode.c.objc; path = WFNewsListViewController.m; sourceTree = "<group>"; };
		13A3D4251E697F5000B38EEF /* WFBaseListViewController.h */ = {isa = PBXFileReference; fileEncoding = 4; lastKnownFileType = sourcecode.c.h; path = WFBaseListViewController.h; sourceTree = "<group>"; };
		13A3D4261E697F5000B38EEF /* WFBaseListViewController.m */ = {isa = PBXFileReference; fileEncoding = 4; lastKnownFileType = sourcecode.c.objc; path = WFBaseListViewController.m; sourceTree = "<group>"; };
		13B005AD1E855A0A00C1D90B /* fr */ = {isa = PBXFileReference; lastKnownFileType = text.plist.strings; name = fr; path = fr.lproj/LaunchScreen.strings; sourceTree = "<group>"; };
		13B005AF1E855A2900C1D90B /* Base */ = {isa = PBXFileReference; lastKnownFileType = text.plist.strings; name = Base; path = Base.lproj/Localizable.strings; sourceTree = "<group>"; };
		13B005B11E855A2B00C1D90B /* en */ = {isa = PBXFileReference; lastKnownFileType = text.plist.strings; name = en; path = en.lproj/Localizable.strings; sourceTree = "<group>"; };
		13B005B21E855A2D00C1D90B /* fr */ = {isa = PBXFileReference; lastKnownFileType = text.plist.strings; name = fr; path = fr.lproj/Localizable.strings; sourceTree = "<group>"; };
		13B005B31E855F0400C1D90B /* WFNewsDetailsViewController.h */ = {isa = PBXFileReference; fileEncoding = 4; lastKnownFileType = sourcecode.c.h; path = WFNewsDetailsViewController.h; sourceTree = "<group>"; };
		13B005B41E855F0400C1D90B /* WFNewsDetailsViewController.m */ = {isa = PBXFileReference; fileEncoding = 4; lastKnownFileType = sourcecode.c.objc; path = WFNewsDetailsViewController.m; sourceTree = "<group>"; };
		13B416EB1E9FAC9E006D5F09 /* WFErrorsServices.h */ = {isa = PBXFileReference; fileEncoding = 4; lastKnownFileType = sourcecode.c.h; path = WFErrorsServices.h; sourceTree = "<group>"; };
		13B416EC1E9FAC9E006D5F09 /* WFErrorsServices.m */ = {isa = PBXFileReference; fileEncoding = 4; lastKnownFileType = sourcecode.c.objc; path = WFErrorsServices.m; sourceTree = "<group>"; };
		13B926051E64C430003E7DD0 /* WFFacebookServices.h */ = {isa = PBXFileReference; fileEncoding = 4; lastKnownFileType = sourcecode.c.h; path = WFFacebookServices.h; sourceTree = "<group>"; };
		13B926061E64C430003E7DD0 /* WFFacebookServices.m */ = {isa = PBXFileReference; fileEncoding = 4; lastKnownFileType = sourcecode.c.objc; path = WFFacebookServices.m; sourceTree = "<group>"; };
		13BC85301E8E45DA00CF254C /* WFHeaderNewsDetailsTitleLabel.h */ = {isa = PBXFileReference; fileEncoding = 4; lastKnownFileType = sourcecode.c.h; path = WFHeaderNewsDetailsTitleLabel.h; sourceTree = "<group>"; };
		13BC85311E8E45DA00CF254C /* WFHeaderNewsDetailsTitleLabel.m */ = {isa = PBXFileReference; fileEncoding = 4; lastKnownFileType = sourcecode.c.objc; path = WFHeaderNewsDetailsTitleLabel.m; sourceTree = "<group>"; };
		13BC85361E8E4E3F00CF254C /* UIColor+Additions.h */ = {isa = PBXFileReference; fileEncoding = 4; lastKnownFileType = sourcecode.c.h; path = "UIColor+Additions.h"; sourceTree = "<group>"; };
		13BC85371E8E4E3F00CF254C /* UIColor+Additions.m */ = {isa = PBXFileReference; fileEncoding = 4; lastKnownFileType = sourcecode.c.objc; path = "UIColor+Additions.m"; sourceTree = "<group>"; };
		13BC853E1E8E596600CF254C /* WFFooterButtonNewsDetails.h */ = {isa = PBXFileReference; fileEncoding = 4; lastKnownFileType = sourcecode.c.h; path = WFFooterButtonNewsDetails.h; sourceTree = "<group>"; };
		13BC853F1E8E596600CF254C /* WFFooterButtonNewsDetails.m */ = {isa = PBXFileReference; fileEncoding = 4; lastKnownFileType = sourcecode.c.objc; path = WFFooterButtonNewsDetails.m; sourceTree = "<group>"; };
		13D07A431EAF5398004DF700 /* WFSportsListViewController.h */ = {isa = PBXFileReference; fileEncoding = 4; lastKnownFileType = sourcecode.c.h; path = WFSportsListViewController.h; sourceTree = "<group>"; };
		13D07A441EAF5398004DF700 /* WFSportsListViewController.m */ = {isa = PBXFileReference; fileEncoding = 4; lastKnownFileType = sourcecode.c.objc; path = WFSportsListViewController.m; sourceTree = "<group>"; };
		13D07A471EAF5498004DF700 /* WFSportsViewModel.h */ = {isa = PBXFileReference; fileEncoding = 4; lastKnownFileType = sourcecode.c.h; path = WFSportsViewModel.h; sourceTree = "<group>"; };
		13D07A481EAF5498004DF700 /* WFSportsViewModel.m */ = {isa = PBXFileReference; fileEncoding = 4; lastKnownFileType = sourcecode.c.objc; path = WFSportsViewModel.m; sourceTree = "<group>"; };
		13D07A4A1EAF54AD004DF700 /* WFSportDetailsViewModel.h */ = {isa = PBXFileReference; fileEncoding = 4; lastKnownFileType = sourcecode.c.h; path = WFSportDetailsViewModel.h; sourceTree = "<group>"; };
		13D07A4B1EAF54AD004DF700 /* WFSportDetailsViewModel.m */ = {isa = PBXFileReference; fileEncoding = 4; lastKnownFileType = sourcecode.c.objc; path = WFSportDetailsViewModel.m; sourceTree = "<group>"; };
		13DAA9BF1E65AA3900C8F343 /* WFFacebookConstants.h */ = {isa = PBXFileReference; fileEncoding = 4; lastKnownFileType = sourcecode.c.h; path = WFFacebookConstants.h; sourceTree = "<group>"; };
		13DAA9C01E65AA3900C8F343 /* WFFacebookConstants.m */ = {isa = PBXFileReference; fileEncoding = 4; lastKnownFileType = sourcecode.c.objc; path = WFFacebookConstants.m; sourceTree = "<group>"; };
		13DAA9C21E672D3400C8F343 /* WFFacebookNewsViewModel.h */ = {isa = PBXFileReference; fileEncoding = 4; lastKnownFileType = sourcecode.c.h; path = WFFacebookNewsViewModel.h; sourceTree = "<group>"; };
		13DAA9C31E672D3400C8F343 /* WFFacebookNewsViewModel.m */ = {isa = PBXFileReference; fileEncoding = 4; lastKnownFileType = sourcecode.c.objc; path = WFFacebookNewsViewModel.m; sourceTree = "<group>"; };
		13DDB0401E8D3DD800BDE55B /* NSString+Additions.h */ = {isa = PBXFileReference; fileEncoding = 4; lastKnownFileType = sourcecode.c.h; path = "NSString+Additions.h"; sourceTree = "<group>"; };
		13DDB0411E8D3DD800BDE55B /* NSString+Additions.m */ = {isa = PBXFileReference; fileEncoding = 4; lastKnownFileType = sourcecode.c.objc; path = "NSString+Additions.m"; sourceTree = "<group>"; };
		13E3281D1E64AB9D00F1A4EC /* Win Fitness.app */ = {isa = PBXFileReference; explicitFileType = wrapper.application; includeInIndex = 0; path = "Win Fitness.app"; sourceTree = BUILT_PRODUCTS_DIR; };
		13E328211E64AB9D00F1A4EC /* main.m */ = {isa = PBXFileReference; lastKnownFileType = sourcecode.c.objc; path = main.m; sourceTree = "<group>"; };
		13E328231E64AB9D00F1A4EC /* WFAppDelegate.h */ = {isa = PBXFileReference; lastKnownFileType = sourcecode.c.h; path = WFAppDelegate.h; sourceTree = "<group>"; };
		13E328241E64AB9D00F1A4EC /* WFAppDelegate.m */ = {isa = PBXFileReference; lastKnownFileType = sourcecode.c.objc; path = WFAppDelegate.m; sourceTree = "<group>"; };
		13E3282C1E64AB9D00F1A4EC /* Assets.xcassets */ = {isa = PBXFileReference; lastKnownFileType = folder.assetcatalog; path = Assets.xcassets; sourceTree = "<group>"; };
		13E3282F1E64AB9D00F1A4EC /* Base */ = {isa = PBXFileReference; lastKnownFileType = file.storyboard; name = Base; path = Base.lproj/LaunchScreen.storyboard; sourceTree = "<group>"; };
		13E328311E64AB9D00F1A4EC /* Info.plist */ = {isa = PBXFileReference; lastKnownFileType = text.plist.xml; path = Info.plist; sourceTree = "<group>"; };
		13EC25581E6ABB9A003FC5D4 /* WFNewsTableViewCell.h */ = {isa = PBXFileReference; fileEncoding = 4; lastKnownFileType = sourcecode.c.h; path = WFNewsTableViewCell.h; sourceTree = "<group>"; };
		13EC25591E6ABB9A003FC5D4 /* WFNewsTableViewCell.m */ = {isa = PBXFileReference; fileEncoding = 4; lastKnownFileType = sourcecode.c.objc; path = WFNewsTableViewCell.m; sourceTree = "<group>"; };
		13EE1EC61EAF6EE700803B1A /* WFSportsProvider.h */ = {isa = PBXFileReference; fileEncoding = 4; lastKnownFileType = sourcecode.c.h; path = WFSportsProvider.h; sourceTree = "<group>"; };
		13EE1EC71EAF6EE700803B1A /* WFSportsProvider.m */ = {isa = PBXFileReference; fileEncoding = 4; lastKnownFileType = sourcecode.c.objc; path = WFSportsProvider.m; sourceTree = "<group>"; };
		13EE1ECF1EAF77C200803B1A /* WFInformationsListViewController.h */ = {isa = PBXFileReference; fileEncoding = 4; lastKnownFileType = sourcecode.c.h; path = WFInformationsListViewController.h; sourceTree = "<group>"; };
		13EE1ED01EAF77C200803B1A /* WFInformationsListViewController.m */ = {isa = PBXFileReference; fileEncoding = 4; lastKnownFileType = sourcecode.c.objc; path = WFInformationsListViewController.m; sourceTree = "<group>"; };
		13EE1ED21EAF781E00803B1A /* WFInformationsViewModel.h */ = {isa = PBXFileReference; fileEncoding = 4; lastKnownFileType = sourcecode.c.h; path = WFInformationsViewModel.h; sourceTree = "<group>"; };
		13EE1ED31EAF781E00803B1A /* WFInformationsViewModel.m */ = {isa = PBXFileReference; fileEncoding = 4; lastKnownFileType = sourcecode.c.objc; path = WFInformationsViewModel.m; sourceTree = "<group>"; };
		13EE1ED51EAF785700803B1A /* WFInformationsServices.h */ = {isa = PBXFileReference; fileEncoding = 4; lastKnownFileType = sourcecode.c.h; path = WFInformationsServices.h; sourceTree = "<group>"; };
		13EE1ED61EAF785700803B1A /* WFInformationsServices.m */ = {isa = PBXFileReference; fileEncoding = 4; lastKnownFileType = sourcecode.c.objc; path = WFInformationsServices.m; sourceTree = "<group>"; };
		13EE1ED81EAF7D1200803B1A /* WFBaseCollectionViewController.h */ = {isa = PBXFileReference; fileEncoding = 4; lastKnownFileType = sourcecode.c.h; path = WFBaseCollectionViewController.h; sourceTree = "<group>"; };
		13EE1ED91EAF7D1200803B1A /* WFBaseCollectionViewController.m */ = {isa = PBXFileReference; fileEncoding = 4; lastKnownFileType = sourcecode.c.objc; path = WFBaseCollectionViewController.m; sourceTree = "<group>"; };
		13F3F2E41E6EEF9F007ABCD2 /* WFDownloadImageService.h */ = {isa = PBXFileReference; fileEncoding = 4; lastKnownFileType = sourcecode.c.h; path = WFDownloadImageService.h; sourceTree = "<group>"; };
		13F3F2E51E6EEF9F007ABCD2 /* WFDownloadImageService.m */ = {isa = PBXFileReference; fileEncoding = 4; lastKnownFileType = sourcecode.c.objc; path = WFDownloadImageService.m; sourceTree = "<group>"; };
		13FDABA91EA78DCC001CF0E5 /* WFSessionsConstants.h */ = {isa = PBXFileReference; fileEncoding = 4; lastKnownFileType = sourcecode.c.h; path = WFSessionsConstants.h; sourceTree = "<group>"; };
		13FDABAA1EA78DCC001CF0E5 /* WFSessionsConstants.m */ = {isa = PBXFileReference; fileEncoding = 4; lastKnownFileType = sourcecode.c.objc; path = WFSessionsConstants.m; sourceTree = "<group>"; };
		13FDABAC1EA793E1001CF0E5 /* WFDaySessionsTableViewCell.h */ = {isa = PBXFileReference; fileEncoding = 4; lastKnownFileType = sourcecode.c.h; path = WFDaySessionsTableViewCell.h; sourceTree = "<group>"; };
		13FDABAD1EA793E1001CF0E5 /* WFDaySessionsTableViewCell.m */ = {isa = PBXFileReference; fileEncoding = 4; lastKnownFileType = sourcecode.c.objc; path = WFDaySessionsTableViewCell.m; sourceTree = "<group>"; };
		13FDABB01EA79511001CF0E5 /* WFTableViewCell.h */ = {isa = PBXFileReference; fileEncoding = 4; lastKnownFileType = sourcecode.c.h; path = WFTableViewCell.h; sourceTree = "<group>"; };
		13FDABB11EA79511001CF0E5 /* WFTableViewCell.m */ = {isa = PBXFileReference; fileEncoding = 4; lastKnownFileType = sourcecode.c.objc; path = WFTableViewCell.m; sourceTree = "<group>"; };
		DFA6135EA312EC0F07715376 /* Pods-Win Fitness.release.xcconfig */ = {isa = PBXFileReference; includeInIndex = 1; lastKnownFileType = text.xcconfig; name = "Pods-Win Fitness.release.xcconfig"; path = "Pods/Target Support Files/Pods-Win Fitness/Pods-Win Fitness.release.xcconfig"; sourceTree = "<group>"; };
		F7DB2C4EE4DDD48508778454 /* Pods-Win Fitness.debug.xcconfig */ = {isa = PBXFileReference; includeInIndex = 1; lastKnownFileType = text.xcconfig; name = "Pods-Win Fitness.debug.xcconfig"; path = "Pods/Target Support Files/Pods-Win Fitness/Pods-Win Fitness.debug.xcconfig"; sourceTree = "<group>"; };
/* End PBXFileReference section */

/* Begin PBXFrameworksBuildPhase section */
		13E3281A1E64AB9D00F1A4EC /* Frameworks */ = {
			isa = PBXFrameworksBuildPhase;
			buildActionMask = 2147483647;
			files = (
				D0D54CFB9229702CA6FF98FF /* libPods-Win Fitness.a in Frameworks */,
			);
			runOnlyForDeploymentPostprocessing = 0;
		};
/* End PBXFrameworksBuildPhase section */

/* Begin PBXGroup section */
		130C4F081E9BA8FA0020172C /* Bases */ = {
			isa = PBXGroup;
			children = (
				130C4F051E9BA8F50020172C /* WFBaseLabel.h */,
				130C4F061E9BA8F50020172C /* WFBaseLabel.m */,
			);
			name = Bases;
			sourceTree = "<group>";
		};
		130E4B601E81208F001C33DE /* Utils */ = {
			isa = PBXGroup;
			children = (
				130E4B611E812202001C33DE /* WFDatesConverter.h */,
				130E4B621E812202001C33DE /* WFDatesConverter.m */,
				135E07411EA0E18200F58C18 /* WFLocalizedString.h */,
				137EC94E1EA100B500C79A68 /* WFJSONReader.h */,
				137EC94F1EA100B500C79A68 /* WFJSONReader.m */,
			);
			name = Utils;
			sourceTree = "<group>";
		};
		13168F901EA7659C0070219A /* Additions */ = {
			isa = PBXGroup;
			children = (
				13168F911EA765D90070219A /* WFDaySessionModel+Additions.h */,
				13168F921EA765D90070219A /* WFDaySessionModel+Additions.m */,
			);
			name = Additions;
			sourceTree = "<group>";
		};
		131B1A5E1EA8BC0100B760FD /* News */ = {
			isa = PBXGroup;
			children = (
				13DAA9C21E672D3400C8F343 /* WFFacebookNewsViewModel.h */,
				13DAA9C31E672D3400C8F343 /* WFFacebookNewsViewModel.m */,
			);
			name = News;
			sourceTree = "<group>";
		};
		131B1A5F1EA8BC1400B760FD /* Sessions */ = {
			isa = PBXGroup;
			children = (
				137EC9431EA0FC7100C79A68 /* WFSessionsWeekViewModel.h */,
				137EC9441EA0FC7100C79A68 /* WFSessionsWeekViewModel.m */,
				138BFF2E1EA7AB9200970B1D /* WFSessionsDayViewModel.h */,
				138BFF2F1EA7AB9200970B1D /* WFSessionsDayViewModel.m */,
			);
			name = Sessions;
			sourceTree = "<group>";
		};
		132BAB7E1E89155800471DBB /* Download */ = {
			isa = PBXGroup;
			children = (
				13F3F2E41E6EEF9F007ABCD2 /* WFDownloadImageService.h */,
				13F3F2E51E6EEF9F007ABCD2 /* WFDownloadImageService.m */,
			);
			name = Download;
			sourceTree = "<group>";
		};
		132BAB7F1E89550700471DBB /* Additions */ = {
			isa = PBXGroup;
			children = (
				132BAB801E89554300471DBB /* WFFacebookFeedModel+Additions.h */,
				132BAB811E89554300471DBB /* WFFacebookFeedModel+Additions.m */,
			);
			name = Additions;
			sourceTree = "<group>";
		};
		1348EC541E660EC100FA3843 /* Models */ = {
			isa = PBXGroup;
			children = (
				1374CBBB1EB0A5ED0004C36B /* Bases */,
				137EC9271EA0F90E00C79A68 /* News */,
				137EC9281EA0F92800C79A68 /* Sessions */,
				137EC92C1EA0F99100C79A68 /* Sports */,
			);
			name = Models;
			sourceTree = "<group>";
		};
		1348EC551E660ECB00FA3843 /* ViewModels */ = {
			isa = PBXGroup;
			children = (
				138BFF2A1EA7A40400970B1D /* Bases */,
				13EE1ECA1EAF772E00803B1A /* Informations */,
				131B1A5E1EA8BC0100B760FD /* News */,
				131B1A5F1EA8BC1400B760FD /* Sessions */,
				13D07A461EAF545E004DF700 /* Sports */,
			);
			name = ViewModels;
			sourceTree = "<group>";
		};
		1348EC561E660EDE00FA3843 /* ViewControllers */ = {
			isa = PBXGroup;
			children = (
				13A3D4291E697F6400B38EEF /* Bases */,
				13EE1EC91EAF771000803B1A /* Informations */,
				13E02C3D1E9E5141003CEB0A /* News */,
				137EC9461EA0FCA000C79A68 /* Sessions */,
				13D07A421EAF535D004DF700 /* Sports */,
			);
			name = ViewControllers;
			sourceTree = "<group>";
		};
		135E07451EA0E65400F58C18 /* Build */ = {
			isa = PBXGroup;
			children = (
				135E07441EA0E40700F58C18 /* WFPrefixHeader.pch */,
			);
			name = Build;
			sourceTree = "<group>";
		};
		136B81FB1EA8DA4A00804ACE /* Base */ = {
			isa = PBXGroup;
			children = (
				136B81FC1EA8DA6B00804ACE /* WFService.h */,
				136B81FD1EA8DA6B00804ACE /* WFService.m */,
			);
			name = Base;
			sourceTree = "<group>";
		};
		1374CBBB1EB0A5ED0004C36B /* Bases */ = {
			isa = PBXGroup;
			children = (
				1374CBBC1EB0A6160004C36B /* WFBaseModel.h */,
				1374CBBD1EB0A6160004C36B /* WFBaseModel.m */,
			);
			name = Bases;
			sourceTree = "<group>";
		};
		137EC9271EA0F90E00C79A68 /* News */ = {
			isa = PBXGroup;
			children = (
				132BAB7F1E89550700471DBB /* Additions */,
				1348EC571E66150100FA3843 /* WFFacebookFeedModel.h */,
				1348EC581E66150100FA3843 /* WFFacebookFeedModel.m */,
			);
			name = News;
			sourceTree = "<group>";
		};
		137EC9281EA0F92800C79A68 /* Sessions */ = {
			isa = PBXGroup;
			children = (
				13168F901EA7659C0070219A /* Additions */,
				137EC9361EA0FB6B00C79A68 /* Stubs */,
				134025831EAA2F2C0068670B /* WFFullSessionsModel.h */,
				134025841EAA2F2C0068670B /* WFFullSessionsModel.m */,
				137EC9291EA0F96F00C79A68 /* WFSessionModel.h */,
				137EC92A1EA0F96F00C79A68 /* WFSessionModel.m */,
				137EC9511EA112E400C79A68 /* WFDaySessionModel.h */,
				137EC9521EA112E400C79A68 /* WFDaySessionModel.m */,
			);
			name = Sessions;
			sourceTree = "<group>";
		};
		137EC92C1EA0F99100C79A68 /* Sports */ = {
			isa = PBXGroup;
			children = (
				138BFF391EA7B54000970B1D /* Stubs */,
				137EC92D1EA0F9C800C79A68 /* WFSportModel.h */,
				137EC92E1EA0F9C800C79A68 /* WFSportModel.m */,
				137EC9301EA0F9EE00C79A68 /* WFSportDescriptionModel.h */,
				137EC9311EA0F9EE00C79A68 /* WFSportDescriptionModel.m */,
				137EC9331EA0FA1000C79A68 /* WFObjectiveModel.h */,
				137EC9341EA0FA1000C79A68 /* WFObjectiveModel.m */,
			);
			name = Sports;
			sourceTree = "<group>";
		};
		137EC9361EA0FB6B00C79A68 /* Stubs */ = {
			isa = PBXGroup;
			children = (
				137EC9411EA0FBF400C79A68 /* Lundi.json */,
				131645361EA93B0B00C1EDF0 /* LundiRPM.json */,
				137EC93D1EA0FBE800C79A68 /* Mardi.json */,
				131645371EA93B0B00C1EDF0 /* MardiRPM.json */,
				137EC93E1EA0FBE800C79A68 /* Mercredi.json */,
				131645381EA93B0B00C1EDF0 /* MercrediRPM.json */,
				137EC93B1EA0FBDB00C79A68 /* Jeudi.json */,
				131645351EA93B0B00C1EDF0 /* JeudiRPM.json */,
				137EC9391EA0FBCF00C79A68 /* Vendredi.json */,
				1316453A1EA93B0B00C1EDF0 /* VendrediRPM.json */,
				137EC9371EA0FBC700C79A68 /* Samedi.json */,
				131645391EA93B0B00C1EDF0 /* SamediRPM.json */,
			);
			name = Stubs;
			sourceTree = "<group>";
		};
		137EC9461EA0FCA000C79A68 /* Sessions */ = {
			isa = PBXGroup;
			children = (
				138BFF271EA7996D00970B1D /* WFDaySessionsListViewController.h */,
				138BFF281EA7996D00970B1D /* WFDaySessionsListViewController.m */,
				137EC9471EA0FCD900C79A68 /* WFWeekSessionsListViewController.h */,
				137EC9481EA0FCD900C79A68 /* WFWeekSessionsListViewController.m */,
			);
			name = Sessions;
			sourceTree = "<group>";
		};
		137EC94A1EA0FDD800C79A68 /* Sessions */ = {
			isa = PBXGroup;
			children = (
				137EC94B1EA0FE0900C79A68 /* WFSessionsServices.h */,
				137EC94C1EA0FE0900C79A68 /* WFSessionsServices.m */,
			);
			name = Sessions;
			sourceTree = "<group>";
		};
		138A1CF81E856D4A0010D83D /* UITextViews */ = {
			isa = PBXGroup;
			children = (
				138A1CF91E856D7E0010D83D /* WFNewsTextView.h */,
				138A1CFA1E856D7E0010D83D /* WFNewsTextView.m */,
				130C4F091E9BAFFA0020172C /* WFNewsDetailTextView.h */,
				130C4F0A1E9BAFFA0020172C /* WFNewsDetailTextView.m */,
			);
			name = UITextViews;
			sourceTree = "<group>";
		};
		138BFF2A1EA7A40400970B1D /* Bases */ = {
			isa = PBXGroup;
			children = (
				138BFF2B1EA7A42700970B1D /* WFBaseViewModel.h */,
				138BFF2C1EA7A42700970B1D /* WFBaseViewModel.m */,
			);
			name = Bases;
			sourceTree = "<group>";
		};
		138BFF311EA7ABD300970B1D /* Sports */ = {
			isa = PBXGroup;
			children = (
				138BFF321EA7AC0900970B1D /* WFSportsServices.h */,
				138BFF331EA7AC0900970B1D /* WFSportsServices.m */,
			);
			name = Sports;
			sourceTree = "<group>";
		};
		138BFF391EA7B54000970B1D /* Stubs */ = {
			isa = PBXGroup;
			children = (
				138BFF3E1EA7B55E00970B1D /* objectivesFeed.json */,
				138BFF3A1EA7B55500970B1D /* sportsDescriptionsFeed.json */,
				138BFF3B1EA7B55500970B1D /* sportsFeed.json */,
			);
			name = Stubs;
			sourceTree = "<group>";
		};
		138D6B451EAF8AA7005DA14B /* UICollectionViewCells */ = {
			isa = PBXGroup;
			children = (
				138D6B461EAF8AD3005DA14B /* WFSportCollectionViewCell.h */,
				138D6B471EAF8AD3005DA14B /* WFSportCollectionViewCell.m */,
			);
			name = UICollectionViewCells;
			sourceTree = "<group>";
		};
		13943EDB1EA3A24300C671E8 /* News */ = {
			isa = PBXGroup;
			children = (
				13EC25581E6ABB9A003FC5D4 /* WFNewsTableViewCell.h */,
				13EC25591E6ABB9A003FC5D4 /* WFNewsTableViewCell.m */,
			);
			name = News;
			sourceTree = "<group>";
		};
		13943EDC1EA3A24F00C671E8 /* Sessions */ = {
			isa = PBXGroup;
			children = (
				13FDABAC1EA793E1001CF0E5 /* WFDaySessionsTableViewCell.h */,
				13FDABAD1EA793E1001CF0E5 /* WFDaySessionsTableViewCell.m */,
				13943EDD1EA3A27800C671E8 /* WFWeekSessionsTableViewCell.h */,
				13943EDE1EA3A27800C671E8 /* WFWeekSessionsTableViewCell.m */,
			);
			name = Sessions;
			sourceTree = "<group>";
		};
		13A3D4291E697F6400B38EEF /* Bases */ = {
			isa = PBXGroup;
			children = (
				13EE1ED81EAF7D1200803B1A /* WFBaseCollectionViewController.h */,
				13EE1ED91EAF7D1200803B1A /* WFBaseCollectionViewController.m */,
				13A3D4251E697F5000B38EEF /* WFBaseListViewController.h */,
				13A3D4261E697F5000B38EEF /* WFBaseListViewController.m */,
				138A1CF51E856CC10010D83D /* WFBaseViewController.h */,
				138A1CF61E856CC10010D83D /* WFBaseViewController.m */,
			);
			name = Bases;
			sourceTree = "<group>";
		};
		13B005A81E85543300C1D90B /* UILabels */ = {
			isa = PBXGroup;
			children = (
				130C4F081E9BA8FA0020172C /* Bases */,
				136342CA1E85308900BBBCC6 /* WFHeaderCellLabel.h */,
				136342CB1E85308900BBBCC6 /* WFHeaderCellLabel.m */,
				13BC85301E8E45DA00CF254C /* WFHeaderNewsDetailsTitleLabel.h */,
				13BC85311E8E45DA00CF254C /* WFHeaderNewsDetailsTitleLabel.m */,
				130C4F021E9BA8970020172C /* WFHeaderNewsDetailsDateLabel.h */,
				130C4F031E9BA8970020172C /* WFHeaderNewsDetailsDateLabel.m */,
			);
			name = UILabels;
			sourceTree = "<group>";
		};
		13B005A91E85548400C1D90B /* UITableViewCells */ = {
			isa = PBXGroup;
			children = (
				13FDABAF1EA794ED001CF0E5 /* Bases */,
				13943EDB1EA3A24300C671E8 /* News */,
				13943EDC1EA3A24F00C671E8 /* Sessions */,
			);
			name = UITableViewCells;
			sourceTree = "<group>";
		};
		13B005AA1E85590E00C1D90B /* Application */ = {
			isa = PBXGroup;
			children = (
				13E328231E64AB9D00F1A4EC /* WFAppDelegate.h */,
				13E328241E64AB9D00F1A4EC /* WFAppDelegate.m */,
			);
			name = Application;
			sourceTree = "<group>";
		};
		13B416EA1E9FAC6A006D5F09 /* Errors */ = {
			isa = PBXGroup;
			children = (
				13B416EB1E9FAC9E006D5F09 /* WFErrorsServices.h */,
				13B416EC1E9FAC9E006D5F09 /* WFErrorsServices.m */,
			);
			name = Errors;
			sourceTree = "<group>";
		};
		13B926041E64C3DE003E7DD0 /* News */ = {
			isa = PBXGroup;
			children = (
				13B926051E64C430003E7DD0 /* WFFacebookServices.h */,
				13B926061E64C430003E7DD0 /* WFFacebookServices.m */,
			);
			name = News;
			sourceTree = "<group>";
		};
		13BC85391E8E58E300CF254C /* UIButtons */ = {
			isa = PBXGroup;
			children = (
				13BC853E1E8E596600CF254C /* WFFooterButtonNewsDetails.h */,
				13BC853F1E8E596600CF254C /* WFFooterButtonNewsDetails.m */,
			);
			name = UIButtons;
			sourceTree = "<group>";
		};
		13D07A421EAF535D004DF700 /* Sports */ = {
			isa = PBXGroup;
			children = (
				13D07A431EAF5398004DF700 /* WFSportsListViewController.h */,
				13D07A441EAF5398004DF700 /* WFSportsListViewController.m */,
			);
			name = Sports;
			sourceTree = "<group>";
		};
		13D07A461EAF545E004DF700 /* Sports */ = {
			isa = PBXGroup;
			children = (
				13D07A471EAF5498004DF700 /* WFSportsViewModel.h */,
				13D07A481EAF5498004DF700 /* WFSportsViewModel.m */,
				13D07A4A1EAF54AD004DF700 /* WFSportDetailsViewModel.h */,
				13D07A4B1EAF54AD004DF700 /* WFSportDetailsViewModel.m */,
			);
			name = Sports;
			sourceTree = "<group>";
		};
		13DAA9BE1E65AA1600C8F343 /* Constants */ = {
			isa = PBXGroup;
			children = (
				13DAA9BF1E65AA3900C8F343 /* WFFacebookConstants.h */,
				13DAA9C01E65AA3900C8F343 /* WFFacebookConstants.m */,
				13FDABA91EA78DCC001CF0E5 /* WFSessionsConstants.h */,
				13FDABAA1EA78DCC001CF0E5 /* WFSessionsConstants.m */,
			);
			name = Constants;
			sourceTree = "<group>";
		};
		13DDB03F1E8D3D6B00BDE55B /* Additions */ = {
			isa = PBXGroup;
			children = (
				13DDB0401E8D3DD800BDE55B /* NSString+Additions.h */,
				13DDB0411E8D3DD800BDE55B /* NSString+Additions.m */,
				13BC85361E8E4E3F00CF254C /* UIColor+Additions.h */,
				13BC85371E8E4E3F00CF254C /* UIColor+Additions.m */,
			);
			name = Additions;
			sourceTree = "<group>";
		};
		13E02C3D1E9E5141003CEB0A /* News */ = {
			isa = PBXGroup;
			children = (
				13A3D4221E68A39D00B38EEF /* WFNewsListViewController.h */,
				13A3D4231E68A39E00B38EEF /* WFNewsListViewController.m */,
				13B005B31E855F0400C1D90B /* WFNewsDetailsViewController.h */,
				13B005B41E855F0400C1D90B /* WFNewsDetailsViewController.m */,
			);
			name = News;
			sourceTree = "<group>";
		};
		13E328141E64AB9D00F1A4EC = {
			isa = PBXGroup;
			children = (
				13E3281F1E64AB9D00F1A4EC /* Win Fitness */,
				13E3281E1E64AB9D00F1A4EC /* Products */,
				313D8DCCBC8062C91EC40E05 /* Pods */,
				93B06EBBA870AE5DA5BE8185 /* Frameworks */,
			);
			sourceTree = "<group>";
		};
		13E3281E1E64AB9D00F1A4EC /* Products */ = {
			isa = PBXGroup;
			children = (
				13E3281D1E64AB9D00F1A4EC /* Win Fitness.app */,
			);
			name = Products;
			sourceTree = "<group>";
		};
		13E3281F1E64AB9D00F1A4EC /* Win Fitness */ = {
			isa = PBXGroup;
			children = (
				13DDB03F1E8D3D6B00BDE55B /* Additions */,
				13B005AA1E85590E00C1D90B /* Application */,
				135E07451EA0E65400F58C18 /* Build */,
				13DAA9BE1E65AA1600C8F343 /* Constants */,
				1348EC541E660EC100FA3843 /* Models */,
				13EE1EC51EAF6EB900803B1A /* Providers */,
				1348EC561E660EDE00FA3843 /* ViewControllers */,
				1348EC551E660ECB00FA3843 /* ViewModels */,
				13EC25541E6ABB36003FC5D4 /* Views */,
				130E4B601E81208F001C33DE /* Utils */,
				13F3F2E31E6EEF67007ABCD2 /* Services */,
				13E328201E64AB9D00F1A4EC /* Supporting Files */,
			);
			path = "Win Fitness";
			sourceTree = "<group>";
		};
		13E328201E64AB9D00F1A4EC /* Supporting Files */ = {
			isa = PBXGroup;
			children = (
				13E3282C1E64AB9D00F1A4EC /* Assets.xcassets */,
				13E328311E64AB9D00F1A4EC /* Info.plist */,
				13E328211E64AB9D00F1A4EC /* main.m */,
				13B005B01E855A2900C1D90B /* Localizable.strings */,
			);
			name = "Supporting Files";
			sourceTree = "<group>";
		};
		13EC25541E6ABB36003FC5D4 /* Views */ = {
			isa = PBXGroup;
			children = (
				138D6B451EAF8AA7005DA14B /* UICollectionViewCells */,
				13BC85391E8E58E300CF254C /* UIButtons */,
				13B005A81E85543300C1D90B /* UILabels */,
				13B005A91E85548400C1D90B /* UITableViewCells */,
				138A1CF81E856D4A0010D83D /* UITextViews */,
				13E3282E1E64AB9D00F1A4EC /* LaunchScreen.storyboard */,
			);
			name = Views;
			sourceTree = "<group>";
		};
		13EE1EC51EAF6EB900803B1A /* Providers */ = {
			isa = PBXGroup;
			children = (
				13EE1EC61EAF6EE700803B1A /* WFSportsProvider.h */,
				13EE1EC71EAF6EE700803B1A /* WFSportsProvider.m */,
			);
			name = Providers;
			sourceTree = "<group>";
		};
		13EE1EC91EAF771000803B1A /* Informations */ = {
			isa = PBXGroup;
			children = (
				13EE1ECF1EAF77C200803B1A /* WFInformationsListViewController.h */,
				13EE1ED01EAF77C200803B1A /* WFInformationsListViewController.m */,
			);
			name = Informations;
			sourceTree = "<group>";
		};
		13EE1ECA1EAF772E00803B1A /* Informations */ = {
			isa = PBXGroup;
			children = (
				13EE1ED21EAF781E00803B1A /* WFInformationsViewModel.h */,
				13EE1ED31EAF781E00803B1A /* WFInformationsViewModel.m */,
			);
			name = Informations;
			sourceTree = "<group>";
		};
		13EE1ECB1EAF774F00803B1A /* Informations */ = {
			isa = PBXGroup;
			children = (
				13EE1ED51EAF785700803B1A /* WFInformationsServices.h */,
				13EE1ED61EAF785700803B1A /* WFInformationsServices.m */,
			);
			name = Informations;
			sourceTree = "<group>";
		};
		13F3F2E31E6EEF67007ABCD2 /* Services */ = {
			isa = PBXGroup;
			children = (
				136B81FB1EA8DA4A00804ACE /* Base */,
				132BAB7E1E89155800471DBB /* Download */,
				13B416EA1E9FAC6A006D5F09 /* Errors */,
				13EE1ECB1EAF774F00803B1A /* Informations */,
				13B926041E64C3DE003E7DD0 /* News */,
				137EC94A1EA0FDD800C79A68 /* Sessions */,
				138BFF311EA7ABD300970B1D /* Sports */,
			);
			name = Services;
			sourceTree = "<group>";
		};
		13FDABAF1EA794ED001CF0E5 /* Bases */ = {
			isa = PBXGroup;
			children = (
				13FDABB01EA79511001CF0E5 /* WFTableViewCell.h */,
				13FDABB11EA79511001CF0E5 /* WFTableViewCell.m */,
			);
			name = Bases;
			sourceTree = "<group>";
		};
		313D8DCCBC8062C91EC40E05 /* Pods */ = {
			isa = PBXGroup;
			children = (
				F7DB2C4EE4DDD48508778454 /* Pods-Win Fitness.debug.xcconfig */,
				DFA6135EA312EC0F07715376 /* Pods-Win Fitness.release.xcconfig */,
			);
			name = Pods;
			sourceTree = "<group>";
		};
		93B06EBBA870AE5DA5BE8185 /* Frameworks */ = {
			isa = PBXGroup;
			children = (
				0EF74C24827EAF855223A2C0 /* libPods-Win Fitness.a */,
			);
			name = Frameworks;
			sourceTree = "<group>";
		};
/* End PBXGroup section */

/* Begin PBXNativeTarget section */
		13E3281C1E64AB9D00F1A4EC /* Win Fitness */ = {
			isa = PBXNativeTarget;
			buildConfigurationList = 13E328341E64AB9D00F1A4EC /* Build configuration list for PBXNativeTarget "Win Fitness" */;
			buildPhases = (
				F588F144E7FD5C21E0C6953B /* [CP] Check Pods Manifest.lock */,
				13E328191E64AB9D00F1A4EC /* Sources */,
				13E3281A1E64AB9D00F1A4EC /* Frameworks */,
				13E3281B1E64AB9D00F1A4EC /* Resources */,
				F9632449BA0A745FDF768F7A /* [CP] Embed Pods Frameworks */,
				19FF1853BE1179A7E3409C57 /* [CP] Copy Pods Resources */,
			);
			buildRules = (
			);
			dependencies = (
			);
			name = "Win Fitness";
			productName = "Win Fitness";
			productReference = 13E3281D1E64AB9D00F1A4EC /* Win Fitness.app */;
			productType = "com.apple.product-type.application";
		};
/* End PBXNativeTarget section */

/* Begin PBXProject section */
		13E328151E64AB9D00F1A4EC /* Project object */ = {
			isa = PBXProject;
			attributes = {
				CLASSPREFIX = WF;
				LastUpgradeCheck = 0820;
				ORGANIZATIONNAME = "julien gimenez";
				TargetAttributes = {
					13E3281C1E64AB9D00F1A4EC = {
						CreatedOnToolsVersion = 8.2.1;
						DevelopmentTeam = BQ534PD778;
						ProvisioningStyle = Automatic;
					};
				};
			};
			buildConfigurationList = 13E328181E64AB9D00F1A4EC /* Build configuration list for PBXProject "Win Fitness" */;
			compatibilityVersion = "Xcode 3.2";
			developmentRegion = English;
			hasScannedForEncodings = 0;
			knownRegions = (
				en,
				Base,
				fr,
			);
			mainGroup = 13E328141E64AB9D00F1A4EC;
			productRefGroup = 13E3281E1E64AB9D00F1A4EC /* Products */;
			projectDirPath = "";
			projectRoot = "";
			targets = (
				13E3281C1E64AB9D00F1A4EC /* Win Fitness */,
			);
		};
/* End PBXProject section */

/* Begin PBXResourcesBuildPhase section */
		13E3281B1E64AB9D00F1A4EC /* Resources */ = {
			isa = PBXResourcesBuildPhase;
			buildActionMask = 2147483647;
			files = (
				1316453C1EA93B0B00C1EDF0 /* LundiRPM.json in Resources */,
				137EC9401EA0FBE800C79A68 /* Mercredi.json in Resources */,
				1316453E1EA93B0B00C1EDF0 /* MercrediRPM.json in Resources */,
				138BFF3F1EA7B55E00970B1D /* objectivesFeed.json in Resources */,
				138BFF3D1EA7B55500970B1D /* sportsFeed.json in Resources */,
				1316453F1EA93B0B00C1EDF0 /* SamediRPM.json in Resources */,
				13E328301E64AB9D00F1A4EC /* LaunchScreen.storyboard in Resources */,
				137EC93A1EA0FBCF00C79A68 /* Vendredi.json in Resources */,
				138BFF3C1EA7B55500970B1D /* sportsDescriptionsFeed.json in Resources */,
				1316453B1EA93B0B00C1EDF0 /* JeudiRPM.json in Resources */,
				13B005AE1E855A2900C1D90B /* Localizable.strings in Resources */,
				137EC9421EA0FBF400C79A68 /* Lundi.json in Resources */,
				1316453D1EA93B0B00C1EDF0 /* MardiRPM.json in Resources */,
				137EC93C1EA0FBDB00C79A68 /* Jeudi.json in Resources */,
				137EC93F1EA0FBE800C79A68 /* Mardi.json in Resources */,
				137EC9381EA0FBC700C79A68 /* Samedi.json in Resources */,
				131645401EA93B0B00C1EDF0 /* VendrediRPM.json in Resources */,
				13E3282D1E64AB9D00F1A4EC /* Assets.xcassets in Resources */,
			);
			runOnlyForDeploymentPostprocessing = 0;
		};
/* End PBXResourcesBuildPhase section */

/* Begin PBXShellScriptBuildPhase section */
		19FF1853BE1179A7E3409C57 /* [CP] Copy Pods Resources */ = {
			isa = PBXShellScriptBuildPhase;
			buildActionMask = 2147483647;
			files = (
			);
			inputPaths = (
			);
			name = "[CP] Copy Pods Resources";
			outputPaths = (
			);
			runOnlyForDeploymentPostprocessing = 0;
			shellPath = /bin/sh;
			shellScript = "\"${SRCROOT}/Pods/Target Support Files/Pods-Win Fitness/Pods-Win Fitness-resources.sh\"\n";
			showEnvVarsInLog = 0;
		};
		F588F144E7FD5C21E0C6953B /* [CP] Check Pods Manifest.lock */ = {
			isa = PBXShellScriptBuildPhase;
			buildActionMask = 2147483647;
			files = (
			);
			inputPaths = (
			);
			name = "[CP] Check Pods Manifest.lock";
			outputPaths = (
			);
			runOnlyForDeploymentPostprocessing = 0;
			shellPath = /bin/sh;
			shellScript = "diff \"${PODS_ROOT}/../Podfile.lock\" \"${PODS_ROOT}/Manifest.lock\" > /dev/null\nif [ $? != 0 ] ; then\n    # print error to STDERR\n    echo \"error: The sandbox is not in sync with the Podfile.lock. Run 'pod install' or update your CocoaPods installation.\" >&2\n    exit 1\nfi\n";
			showEnvVarsInLog = 0;
		};
		F9632449BA0A745FDF768F7A /* [CP] Embed Pods Frameworks */ = {
			isa = PBXShellScriptBuildPhase;
			buildActionMask = 2147483647;
			files = (
			);
			inputPaths = (
			);
			name = "[CP] Embed Pods Frameworks";
			outputPaths = (
			);
			runOnlyForDeploymentPostprocessing = 0;
			shellPath = /bin/sh;
			shellScript = "\"${SRCROOT}/Pods/Target Support Files/Pods-Win Fitness/Pods-Win Fitness-frameworks.sh\"\n";
			showEnvVarsInLog = 0;
		};
/* End PBXShellScriptBuildPhase section */

/* Begin PBXSourcesBuildPhase section */
		13E328191E64AB9D00F1A4EC /* Sources */ = {
			isa = PBXSourcesBuildPhase;
			buildActionMask = 2147483647;
			files = (
				132BAB821E89554300471DBB /* WFFacebookFeedModel+Additions.m in Sources */,
				137EC92F1EA0F9C800C79A68 /* WFSportModel.m in Sources */,
				13D07A491EAF5498004DF700 /* WFSportsViewModel.m in Sources */,
				13DDB0421E8D3DD800BDE55B /* NSString+Additions.m in Sources */,
				13BC85381E8E4E3F00CF254C /* UIColor+Additions.m in Sources */,
				13FDABB21EA79511001CF0E5 /* WFTableViewCell.m in Sources */,
				13B416ED1E9FAC9E006D5F09 /* WFErrorsServices.m in Sources */,
				137EC9451EA0FC7100C79A68 /* WFSessionsWeekViewModel.m in Sources */,
				13E328251E64AB9D00F1A4EC /* WFAppDelegate.m in Sources */,
				138BFF2D1EA7A42700970B1D /* WFBaseViewModel.m in Sources */,
				13168F931EA765D90070219A /* WFDaySessionModel+Additions.m in Sources */,
				13B926071E64C430003E7DD0 /* WFFacebookServices.m in Sources */,
				138BFF301EA7AB9200970B1D /* WFSessionsDayViewModel.m in Sources */,
				13EC255B1E6ABB9A003FC5D4 /* WFNewsTableViewCell.m in Sources */,
				13E328221E64AB9D00F1A4EC /* main.m in Sources */,
				137EC9491EA0FCD900C79A68 /* WFWeekSessionsListViewController.m in Sources */,
				13EE1ED11EAF77C200803B1A /* WFInformationsListViewController.m in Sources */,
				13DAA9C41E672D3400C8F343 /* WFFacebookNewsViewModel.m in Sources */,
				137EC9351EA0FA1000C79A68 /* WFObjectiveModel.m in Sources */,
				130C4F071E9BA8F50020172C /* WFBaseLabel.m in Sources */,
				1348EC591E66150100FA3843 /* WFFacebookFeedModel.m in Sources */,
				13D07A4C1EAF54AD004DF700 /* WFSportDetailsViewModel.m in Sources */,
				13943EDF1EA3A27800C671E8 /* WFWeekSessionsTableViewCell.m in Sources */,
				136342CC1E85308900BBBCC6 /* WFHeaderCellLabel.m in Sources */,
				13EE1ED71EAF785700803B1A /* WFInformationsServices.m in Sources */,
				134025851EAA2F2C0068670B /* WFFullSessionsModel.m in Sources */,
				13A3D4271E697F5000B38EEF /* WFBaseListViewController.m in Sources */,
				13B005B51E855F0400C1D90B /* WFNewsDetailsViewController.m in Sources */,
				13DAA9C11E65AA3900C8F343 /* WFFacebookConstants.m in Sources */,
				1374CBBE1EB0A6160004C36B /* WFBaseModel.m in Sources */,
				137EC9501EA100B500C79A68 /* WFJSONReader.m in Sources */,
				138BFF291EA7996D00970B1D /* WFDaySessionsListViewController.m in Sources */,
				138A1CF71E856CC10010D83D /* WFBaseViewController.m in Sources */,
				138BFF341EA7AC0900970B1D /* WFSportsServices.m in Sources */,
				138D6B481EAF8AD3005DA14B /* WFSportCollectionViewCell.m in Sources */,
				137EC9531EA112E400C79A68 /* WFDaySessionModel.m in Sources */,
				13F3F2E61E6EEF9F007ABCD2 /* WFDownloadImageService.m in Sources */,
				13BC85321E8E45DA00CF254C /* WFHeaderNewsDetailsTitleLabel.m in Sources */,
				138A1CFB1E856D7E0010D83D /* WFNewsTextView.m in Sources */,
				13FDABAE1EA793E1001CF0E5 /* WFDaySessionsTableViewCell.m in Sources */,
				137EC92B1EA0F96F00C79A68 /* WFSessionModel.m in Sources */,
				13EE1ED41EAF781E00803B1A /* WFInformationsViewModel.m in Sources */,
				13BC85401E8E596600CF254C /* WFFooterButtonNewsDetails.m in Sources */,
				137EC94D1EA0FE0900C79A68 /* WFSessionsServices.m in Sources */,
				13A3D4241E68A39E00B38EEF /* WFNewsListViewController.m in Sources */,
				130C4F0B1E9BAFFA0020172C /* WFNewsDetailTextView.m in Sources */,
				130C4F041E9BA8970020172C /* WFHeaderNewsDetailsDateLabel.m in Sources */,
				13D07A451EAF5398004DF700 /* WFSportsListViewController.m in Sources */,
				13EE1EDA1EAF7D1200803B1A /* WFBaseCollectionViewController.m in Sources */,
				13FDABAB1EA78DCC001CF0E5 /* WFSessionsConstants.m in Sources */,
				13EE1EC81EAF6EE700803B1A /* WFSportsProvider.m in Sources */,
				136B81FE1EA8DA6B00804ACE /* WFService.m in Sources */,
				137EC9321EA0F9EE00C79A68 /* WFSportDescriptionModel.m in Sources */,
				130E4B631E812202001C33DE /* WFDatesConverter.m in Sources */,
			);
			runOnlyForDeploymentPostprocessing = 0;
		};
/* End PBXSourcesBuildPhase section */

/* Begin PBXVariantGroup section */
		13B005B01E855A2900C1D90B /* Localizable.strings */ = {
			isa = PBXVariantGroup;
			children = (
				13B005AF1E855A2900C1D90B /* Base */,
				13B005B11E855A2B00C1D90B /* en */,
				13B005B21E855A2D00C1D90B /* fr */,
			);
			name = Localizable.strings;
			sourceTree = "<group>";
		};
		13E3282E1E64AB9D00F1A4EC /* LaunchScreen.storyboard */ = {
			isa = PBXVariantGroup;
			children = (
				13E3282F1E64AB9D00F1A4EC /* Base */,
				13B005AD1E855A0A00C1D90B /* fr */,
			);
			name = LaunchScreen.storyboard;
			sourceTree = "<group>";
		};
/* End PBXVariantGroup section */

/* Begin XCBuildConfiguration section */
		13E328321E64AB9D00F1A4EC /* Debug */ = {
			isa = XCBuildConfiguration;
			buildSettings = {
				ALWAYS_SEARCH_USER_PATHS = NO;
				CLANG_ANALYZER_LOCALIZABILITY_NONLOCALIZED = YES;
				CLANG_ANALYZER_NONNULL = YES;
				CLANG_CXX_LANGUAGE_STANDARD = "gnu++0x";
				CLANG_CXX_LIBRARY = "libc++";
				CLANG_ENABLE_MODULES = YES;
				CLANG_ENABLE_OBJC_ARC = YES;
				CLANG_WARN_BOOL_CONVERSION = YES;
				CLANG_WARN_CONSTANT_CONVERSION = YES;
				CLANG_WARN_DIRECT_OBJC_ISA_USAGE = YES_ERROR;
				CLANG_WARN_DOCUMENTATION_COMMENTS = YES;
				CLANG_WARN_EMPTY_BODY = YES;
				CLANG_WARN_ENUM_CONVERSION = YES;
				CLANG_WARN_INFINITE_RECURSION = YES;
				CLANG_WARN_INT_CONVERSION = YES;
				CLANG_WARN_OBJC_ROOT_CLASS = YES_ERROR;
				CLANG_WARN_SUSPICIOUS_MOVE = YES;
				CLANG_WARN_UNREACHABLE_CODE = YES;
				CLANG_WARN__DUPLICATE_METHOD_MATCH = YES;
				"CODE_SIGN_IDENTITY[sdk=iphoneos*]" = "iPhone Developer";
				COPY_PHASE_STRIP = NO;
				DEBUG_INFORMATION_FORMAT = dwarf;
				ENABLE_STRICT_OBJC_MSGSEND = YES;
				ENABLE_TESTABILITY = YES;
				GCC_C_LANGUAGE_STANDARD = gnu99;
				GCC_DYNAMIC_NO_PIC = NO;
				GCC_NO_COMMON_BLOCKS = YES;
				GCC_OPTIMIZATION_LEVEL = 0;
				GCC_PREPROCESSOR_DEFINITIONS = (
					"DEBUG=1",
					"$(inherited)",
				);
				GCC_WARN_64_TO_32_BIT_CONVERSION = YES;
				GCC_WARN_ABOUT_RETURN_TYPE = YES_ERROR;
				GCC_WARN_UNDECLARED_SELECTOR = YES;
				GCC_WARN_UNINITIALIZED_AUTOS = YES_AGGRESSIVE;
				GCC_WARN_UNUSED_FUNCTION = YES;
				GCC_WARN_UNUSED_VARIABLE = YES;
				IPHONEOS_DEPLOYMENT_TARGET = 10.1;
				MTL_ENABLE_DEBUG_INFO = YES;
				ONLY_ACTIVE_ARCH = YES;
				SDKROOT = iphoneos;
			};
			name = Debug;
		};
		13E328331E64AB9D00F1A4EC /* Release */ = {
			isa = XCBuildConfiguration;
			buildSettings = {
				ALWAYS_SEARCH_USER_PATHS = NO;
				CLANG_ANALYZER_LOCALIZABILITY_NONLOCALIZED = YES;
				CLANG_ANALYZER_NONNULL = YES;
				CLANG_CXX_LANGUAGE_STANDARD = "gnu++0x";
				CLANG_CXX_LIBRARY = "libc++";
				CLANG_ENABLE_MODULES = YES;
				CLANG_ENABLE_OBJC_ARC = YES;
				CLANG_WARN_BOOL_CONVERSION = YES;
				CLANG_WARN_CONSTANT_CONVERSION = YES;
				CLANG_WARN_DIRECT_OBJC_ISA_USAGE = YES_ERROR;
				CLANG_WARN_DOCUMENTATION_COMMENTS = YES;
				CLANG_WARN_EMPTY_BODY = YES;
				CLANG_WARN_ENUM_CONVERSION = YES;
				CLANG_WARN_INFINITE_RECURSION = YES;
				CLANG_WARN_INT_CONVERSION = YES;
				CLANG_WARN_OBJC_ROOT_CLASS = YES_ERROR;
				CLANG_WARN_SUSPICIOUS_MOVE = YES;
				CLANG_WARN_UNREACHABLE_CODE = YES;
				CLANG_WARN__DUPLICATE_METHOD_MATCH = YES;
				"CODE_SIGN_IDENTITY[sdk=iphoneos*]" = "iPhone Developer";
				COPY_PHASE_STRIP = NO;
				DEBUG_INFORMATION_FORMAT = "dwarf-with-dsym";
				ENABLE_NS_ASSERTIONS = NO;
				ENABLE_STRICT_OBJC_MSGSEND = YES;
				GCC_C_LANGUAGE_STANDARD = gnu99;
				GCC_NO_COMMON_BLOCKS = YES;
				GCC_WARN_64_TO_32_BIT_CONVERSION = YES;
				GCC_WARN_ABOUT_RETURN_TYPE = YES_ERROR;
				GCC_WARN_UNDECLARED_SELECTOR = YES;
				GCC_WARN_UNINITIALIZED_AUTOS = YES_AGGRESSIVE;
				GCC_WARN_UNUSED_FUNCTION = YES;
				GCC_WARN_UNUSED_VARIABLE = YES;
				IPHONEOS_DEPLOYMENT_TARGET = 10.1;
				MTL_ENABLE_DEBUG_INFO = NO;
				SDKROOT = iphoneos;
				VALIDATE_PRODUCT = YES;
			};
			name = Release;
		};
		13E328351E64AB9D00F1A4EC /* Debug */ = {
			isa = XCBuildConfiguration;
			baseConfigurationReference = F7DB2C4EE4DDD48508778454 /* Pods-Win Fitness.debug.xcconfig */;
			buildSettings = {
				ASSETCATALOG_COMPILER_APPICON_NAME = AppIcon;
				"CODE_SIGN_IDENTITY[sdk=iphoneos*]" = "iPhone Developer";
				DEVELOPMENT_TEAM = BQ534PD778;
				GCC_PREFIX_HEADER = "Win Fitness/WFPrefixHeader.pch";
				INFOPLIST_FILE = "Win Fitness/Info.plist";
				IPHONEOS_DEPLOYMENT_TARGET = 10.2;
				LD_RUNPATH_SEARCH_PATHS = "$(inherited) @executable_path/Frameworks";
				PRODUCT_BUNDLE_IDENTIFIER = "com.sqli.Win-Fitness";
				PRODUCT_NAME = "$(TARGET_NAME)";
				TARGETED_DEVICE_FAMILY = 1;
			};
			name = Debug;
		};
		13E328361E64AB9D00F1A4EC /* Release */ = {
			isa = XCBuildConfiguration;
			baseConfigurationReference = DFA6135EA312EC0F07715376 /* Pods-Win Fitness.release.xcconfig */;
			buildSettings = {
				ASSETCATALOG_COMPILER_APPICON_NAME = AppIcon;
				"CODE_SIGN_IDENTITY[sdk=iphoneos*]" = "iPhone Developer";
				DEVELOPMENT_TEAM = BQ534PD778;
				GCC_PREFIX_HEADER = "Win Fitness/WFPrefixHeader.pch";
				INFOPLIST_FILE = "Win Fitness/Info.plist";
				IPHONEOS_DEPLOYMENT_TARGET = 10.2;
				LD_RUNPATH_SEARCH_PATHS = "$(inherited) @executable_path/Frameworks";
				PRODUCT_BUNDLE_IDENTIFIER = "com.sqli.Win-Fitness";
				PRODUCT_NAME = "$(TARGET_NAME)";
				TARGETED_DEVICE_FAMILY = 1;
			};
			name = Release;
		};
/* End XCBuildConfiguration section */

/* Begin XCConfigurationList section */
		13E328181E64AB9D00F1A4EC /* Build configuration list for PBXProject "Win Fitness" */ = {
			isa = XCConfigurationList;
			buildConfigurations = (
				13E328321E64AB9D00F1A4EC /* Debug */,
				13E328331E64AB9D00F1A4EC /* Release */,
			);
			defaultConfigurationIsVisible = 0;
			defaultConfigurationName = Release;
		};
		13E328341E64AB9D00F1A4EC /* Build configuration list for PBXNativeTarget "Win Fitness" */ = {
			isa = XCConfigurationList;
			buildConfigurations = (
				13E328351E64AB9D00F1A4EC /* Debug */,
				13E328361E64AB9D00F1A4EC /* Release */,
			);
			defaultConfigurationIsVisible = 0;
			defaultConfigurationName = Release;
		};
/* End XCConfigurationList section */
	};
	rootObject = 13E328151E64AB9D00F1A4EC /* Project object */;
}
